
Microsoft Visual Studio Solution File, Format Version 10.00
# Visual Studio 2008
Project("{FAE04EC0-301F-11D3-BF4B-00C04F79EFBC}") = "Phakisa", "Phakisa\Phakisa.csproj", "{2683DFAA-F366-4EAA-987B-F8617F884F4D}"
EndProject
Project("{FAE04EC0-301F-11D3-BF4B-00C04F79EFBC}") = "wpfHost", "..\PhakisaWeb\wpfHost\wpfHost.csproj", "{7A470265-3452-4644-92BB-E2C3E1B17674}"
EndProject
Global
	GlobalSection(SolutionConfigurationPlatforms) = preSolution
		Debug|Any CPU = Debug|Any CPU
		Release|Any CPU = Release|Any CPU
	EndGlobalSection
	GlobalSection(ProjectConfigurationPlatforms) = postSolution
		{2683DFAA-F366-4EAA-987B-F8617F884F4D}.Debug|Any CPU.ActiveCfg = Debug|Any CPU
		{2683DFAA-F366-4EAA-987B-F8617F884F4D}.Debug|Any CPU.Build.0 = Debug|Any CPU
		{2683DFAA-F366-4EAA-987B-F8617F884F4D}.Release|Any CPU.ActiveCfg = Release|Any CPU
		{2683DFAA-F366-4EAA-987B-F8617F884F4D}.Release|Any CPU.Build.0 = Release|Any CPU
		{7A470265-3452-4644-92BB-E2C3E1B17674}.Debug|Any CPU.ActiveCfg = Debug|Any CPU
		{7A470265-3452-4644-92BB-E2C3E1B17674}.Debug|Any CPU.Build.0 = Debug|Any CPU
		{7A470265-3452-4644-92BB-E2C3E1B17674}.Release|Any CPU.ActiveCfg = Release|Any CPU
		{7A470265-3452-4644-92BB-E2C3E1B17674}.Release|Any CPU.Build.0 = Release|Any CPU
	EndGlobalSection
	GlobalSection(SolutionProperties) = preSolution
		HideSolutionNode = FALSE
	EndGlobalSection
EndGlobal
